// !$*UTF8*$!
{
	archiveVersion = 1;
	classes = {
	};
	objectVersion = 55;
	objects = {

/* Begin PBXBuildFile section */
		D58C916428E303C600270282 /* MatchViewModel.swift in Sources */ = {isa = PBXBuildFile; fileRef = D58C916328E303C600270282 /* MatchViewModel.swift */; };
		D58C916E28E318D000270282 /* imsi.swift in Sources */ = {isa = PBXBuildFile; fileRef = D58C916D28E318D000270282 /* imsi.swift */; };
		D58C917028E3192C00270282 /* MatchView.storyboard in Resources */ = {isa = PBXBuildFile; fileRef = D58C916F28E3192C00270282 /* MatchView.storyboard */; };
		D58C917228E3193F00270282 /* MatchViewController.swift in Sources */ = {isa = PBXBuildFile; fileRef = D58C917128E3193F00270282 /* MatchViewController.swift */; };
		D58C917428E3195D00270282 /* PlayListView.storyboard in Resources */ = {isa = PBXBuildFile; fileRef = D58C917328E3195D00270282 /* PlayListView.storyboard */; };
		D58C917628E3196700270282 /* PlayListViewController.swift in Sources */ = {isa = PBXBuildFile; fileRef = D58C917528E3196700270282 /* PlayListViewController.swift */; };
		D58C917828E319B700270282 /* PlayListDetailView.storyboard in Resources */ = {isa = PBXBuildFile; fileRef = D58C917728E319B700270282 /* PlayListDetailView.storyboard */; };
		D58C917A28E319C400270282 /* PlayListDetailViewController.swift in Sources */ = {isa = PBXBuildFile; fileRef = D58C917928E319C400270282 /* PlayListDetailViewController.swift */; };
		D58C917C28E319D600270282 /* MapView.storyboard in Resources */ = {isa = PBXBuildFile; fileRef = D58C917B28E319D600270282 /* MapView.storyboard */; };
		D58C917E28E319E300270282 /* MapViewController.swift in Sources */ = {isa = PBXBuildFile; fileRef = D58C917D28E319E300270282 /* MapViewController.swift */; };
		D5AEA12528D9DCA800A25BDC /* AppDelegate.swift in Sources */ = {isa = PBXBuildFile; fileRef = D5AEA12428D9DCA800A25BDC /* AppDelegate.swift */; };
		D5AEA12728D9DCA800A25BDC /* SceneDelegate.swift in Sources */ = {isa = PBXBuildFile; fileRef = D5AEA12628D9DCA800A25BDC /* SceneDelegate.swift */; };
		D5AEA12928D9DCA800A25BDC /* ViewController.swift in Sources */ = {isa = PBXBuildFile; fileRef = D5AEA12828D9DCA800A25BDC /* ViewController.swift */; };
		D5AEA12C28D9DCA800A25BDC /* Main.storyboard in Resources */ = {isa = PBXBuildFile; fileRef = D5AEA12A28D9DCA800A25BDC /* Main.storyboard */; };
		D5AEA12F28D9DCA800A25BDC /* PLREQ.xcdatamodeld in Sources */ = {isa = PBXBuildFile; fileRef = D5AEA12D28D9DCA800A25BDC /* PLREQ.xcdatamodeld */; };
		D5AEA13128D9DCA800A25BDC /* Assets.xcassets in Resources */ = {isa = PBXBuildFile; fileRef = D5AEA13028D9DCA800A25BDC /* Assets.xcassets */; };
		D5AEA13428D9DCA800A25BDC /* LaunchScreen.storyboard in Resources */ = {isa = PBXBuildFile; fileRef = D5AEA13228D9DCA800A25BDC /* LaunchScreen.storyboard */; };
/* End PBXBuildFile section */

/* Begin PBXFileReference section */
		D58C916328E303C600270282 /* MatchViewModel.swift */ = {isa = PBXFileReference; lastKnownFileType = sourcecode.swift; path = MatchViewModel.swift; sourceTree = "<group>"; };
		D58C916D28E318D000270282 /* imsi.swift */ = {isa = PBXFileReference; lastKnownFileType = sourcecode.swift; path = imsi.swift; sourceTree = "<group>"; };
		D58C916F28E3192C00270282 /* MatchView.storyboard */ = {isa = PBXFileReference; lastKnownFileType = file.storyboard; path = MatchView.storyboard; sourceTree = "<group>"; };
		D58C917128E3193F00270282 /* MatchViewController.swift */ = {isa = PBXFileReference; lastKnownFileType = sourcecode.swift; path = MatchViewController.swift; sourceTree = "<group>"; };
		D58C917328E3195D00270282 /* PlayListView.storyboard */ = {isa = PBXFileReference; lastKnownFileType = file.storyboard; path = PlayListView.storyboard; sourceTree = "<group>"; };
		D58C917528E3196700270282 /* PlayListViewController.swift */ = {isa = PBXFileReference; lastKnownFileType = sourcecode.swift; path = PlayListViewController.swift; sourceTree = "<group>"; };
		D58C917728E319B700270282 /* PlayListDetailView.storyboard */ = {isa = PBXFileReference; lastKnownFileType = file.storyboard; path = PlayListDetailView.storyboard; sourceTree = "<group>"; };
		D58C917928E319C400270282 /* PlayListDetailViewController.swift */ = {isa = PBXFileReference; lastKnownFileType = sourcecode.swift; path = PlayListDetailViewController.swift; sourceTree = "<group>"; };
		D58C917B28E319D600270282 /* MapView.storyboard */ = {isa = PBXFileReference; lastKnownFileType = file.storyboard; path = MapView.storyboard; sourceTree = "<group>"; };
		D58C917D28E319E300270282 /* MapViewController.swift */ = {isa = PBXFileReference; lastKnownFileType = sourcecode.swift; path = MapViewController.swift; sourceTree = "<group>"; };
		D5AEA12128D9DCA800A25BDC /* PLREQ.app */ = {isa = PBXFileReference; explicitFileType = wrapper.application; includeInIndex = 0; path = PLREQ.app; sourceTree = BUILT_PRODUCTS_DIR; };
		D5AEA12428D9DCA800A25BDC /* AppDelegate.swift */ = {isa = PBXFileReference; lastKnownFileType = sourcecode.swift; path = AppDelegate.swift; sourceTree = "<group>"; };
		D5AEA12628D9DCA800A25BDC /* SceneDelegate.swift */ = {isa = PBXFileReference; lastKnownFileType = sourcecode.swift; path = SceneDelegate.swift; sourceTree = "<group>"; };
		D5AEA12828D9DCA800A25BDC /* ViewController.swift */ = {isa = PBXFileReference; lastKnownFileType = sourcecode.swift; path = ViewController.swift; sourceTree = "<group>"; };
		D5AEA12B28D9DCA800A25BDC /* Base */ = {isa = PBXFileReference; lastKnownFileType = file.storyboard; name = Base; path = Base.lproj/Main.storyboard; sourceTree = "<group>"; };
		D5AEA12E28D9DCA800A25BDC /* PLREQ.xcdatamodel */ = {isa = PBXFileReference; lastKnownFileType = wrapper.xcdatamodel; path = PLREQ.xcdatamodel; sourceTree = "<group>"; };
		D5AEA13028D9DCA800A25BDC /* Assets.xcassets */ = {isa = PBXFileReference; lastKnownFileType = folder.assetcatalog; path = Assets.xcassets; sourceTree = "<group>"; };
		D5AEA13328D9DCA800A25BDC /* Base */ = {isa = PBXFileReference; lastKnownFileType = file.storyboard; name = Base; path = Base.lproj/LaunchScreen.storyboard; sourceTree = "<group>"; };
		D5AEA13528D9DCA800A25BDC /* Info.plist */ = {isa = PBXFileReference; lastKnownFileType = text.plist.xml; path = Info.plist; sourceTree = "<group>"; };
/* End PBXFileReference section */

/* Begin PBXFrameworksBuildPhase section */
		D5AEA11E28D9DCA800A25BDC /* Frameworks */ = {
			isa = PBXFrameworksBuildPhase;
			buildActionMask = 2147483647;
			files = (
			);
			runOnlyForDeploymentPostprocessing = 0;
		};
/* End PBXFrameworksBuildPhase section */

/* Begin PBXGroup section */
		D58C916728E3186A00270282 /* Views */ = {
			isa = PBXGroup;
			children = (
				D58C916928E3186A00270282 /* MatchView */,
				D58C916B28E3186A00270282 /* PlayListView */,
				D58C916828E3186A00270282 /* PlayListDetailView */,
				D58C916A28E3186A00270282 /* MapView */,
			);
			path = Views;
			sourceTree = "<group>";
		};
		D58C916828E3186A00270282 /* PlayListDetailView */ = {
			isa = PBXGroup;
			children = (
				D58C917728E319B700270282 /* PlayListDetailView.storyboard */,
				D58C917928E319C400270282 /* PlayListDetailViewController.swift */,
			);
			path = PlayListDetailView;
			sourceTree = "<group>";
		};
		D58C916928E3186A00270282 /* MatchView */ = {
			isa = PBXGroup;
			children = (
				D58C916F28E3192C00270282 /* MatchView.storyboard */,
				D58C917128E3193F00270282 /* MatchViewController.swift */,
			);
			path = MatchView;
			sourceTree = "<group>";
		};
		D58C916A28E3186A00270282 /* MapView */ = {
			isa = PBXGroup;
			children = (
				D58C917B28E319D600270282 /* MapView.storyboard */,
				D58C917D28E319E300270282 /* MapViewController.swift */,
			);
			path = MapView;
			sourceTree = "<group>";
		};
		D58C916B28E3186A00270282 /* PlayListView */ = {
			isa = PBXGroup;
			children = (
				D58C917328E3195D00270282 /* PlayListView.storyboard */,
				D58C917528E3196700270282 /* PlayListViewController.swift */,
			);
			path = PlayListView;
			sourceTree = "<group>";
		};
		D58C916C28E3187D00270282 /* Extensions */ = {
			isa = PBXGroup;
			children = (
				D58C916D28E318D000270282 /* imsi.swift */,
			);
			path = Extensions;
			sourceTree = "<group>";
		};
		D5AEA11828D9DCA800A25BDC = {
			isa = PBXGroup;
			children = (
				D5AEA12328D9DCA800A25BDC /* PLREQ */,
				D5AEA12228D9DCA800A25BDC /* Products */,
			);
			sourceTree = "<group>";
		};
		D5AEA12228D9DCA800A25BDC /* Products */ = {
			isa = PBXGroup;
			children = (
				D5AEA12128D9DCA800A25BDC /* PLREQ.app */,
			);
			name = Products;
			sourceTree = "<group>";
		};
		D5AEA12328D9DCA800A25BDC /* PLREQ */ = {
			isa = PBXGroup;
			children = (
				D58C916C28E3187D00270282 /* Extensions */,
				D5AEA14328D9F1CE00A25BDC /* Resources */,
				D5AEA12828D9DCA800A25BDC /* ViewController.swift */,
				D5AEA12A28D9DCA800A25BDC /* Main.storyboard */,
				D58C916728E3186A00270282 /* Views */,
				D5AEA13B28D9EE4800A25BDC /* ViewModels */,
				D5AEA13E28D9EE8B00A25BDC /* Models */,
			);
			path = PLREQ;
			sourceTree = "<group>";
		};
		D5AEA13B28D9EE4800A25BDC /* ViewModels */ = {
			isa = PBXGroup;
			children = (
				D58C916328E303C600270282 /* MatchViewModel.swift */,
			);
			path = ViewModels;
			sourceTree = "<group>";
		};
		D5AEA13E28D9EE8B00A25BDC /* Models */ = {
			isa = PBXGroup;
			children = (
				D5AEA12D28D9DCA800A25BDC /* PLREQ.xcdatamodeld */,
			);
			path = Models;
			sourceTree = "<group>";
		};
		D5AEA14328D9F1CE00A25BDC /* Resources */ = {
			isa = PBXGroup;
			children = (
				D5AEA13528D9DCA800A25BDC /* Info.plist */,
				D5AEA13228D9DCA800A25BDC /* LaunchScreen.storyboard */,
				D5AEA12628D9DCA800A25BDC /* SceneDelegate.swift */,
				D5AEA12428D9DCA800A25BDC /* AppDelegate.swift */,
				D5AEA13028D9DCA800A25BDC /* Assets.xcassets */,
			);
			path = Resources;
			sourceTree = "<group>";
		};
/* End PBXGroup section */

/* Begin PBXNativeTarget section */
		D5AEA12028D9DCA800A25BDC /* PLREQ */ = {
			isa = PBXNativeTarget;
			buildConfigurationList = D5AEA13828D9DCA800A25BDC /* Build configuration list for PBXNativeTarget "PLREQ" */;
			buildPhases = (
				D5AEA11D28D9DCA800A25BDC /* Sources */,
				D5AEA11E28D9DCA800A25BDC /* Frameworks */,
				D5AEA11F28D9DCA800A25BDC /* Resources */,
			);
			buildRules = (
			);
			dependencies = (
			);
			name = PLREQ;
			productName = PLREQ;
			productReference = D5AEA12128D9DCA800A25BDC /* PLREQ.app */;
			productType = "com.apple.product-type.application";
		};
/* End PBXNativeTarget section */

/* Begin PBXProject section */
		D5AEA11928D9DCA800A25BDC /* Project object */ = {
			isa = PBXProject;
			attributes = {
				BuildIndependentTargetsInParallel = 1;
				LastSwiftUpdateCheck = 1340;
				LastUpgradeCheck = 1340;
				TargetAttributes = {
					D5AEA12028D9DCA800A25BDC = {
						CreatedOnToolsVersion = 13.4.1;
					};
				};
			};
			buildConfigurationList = D5AEA11C28D9DCA800A25BDC /* Build configuration list for PBXProject "PLREQ" */;
			compatibilityVersion = "Xcode 13.0";
			developmentRegion = en;
			hasScannedForEncodings = 0;
			knownRegions = (
				en,
				Base,
			);
			mainGroup = D5AEA11828D9DCA800A25BDC;
			productRefGroup = D5AEA12228D9DCA800A25BDC /* Products */;
			projectDirPath = "";
			projectRoot = "";
			targets = (
				D5AEA12028D9DCA800A25BDC /* PLREQ */,
			);
		};
/* End PBXProject section */

/* Begin PBXResourcesBuildPhase section */
		D5AEA11F28D9DCA800A25BDC /* Resources */ = {
			isa = PBXResourcesBuildPhase;
			buildActionMask = 2147483647;
			files = (
				D58C917828E319B700270282 /* PlayListDetailView.storyboard in Resources */,
				D58C917C28E319D600270282 /* MapView.storyboard in Resources */,
				D5AEA13428D9DCA800A25BDC /* LaunchScreen.storyboard in Resources */,
				D58C917428E3195D00270282 /* PlayListView.storyboard in Resources */,
				D5AEA13128D9DCA800A25BDC /* Assets.xcassets in Resources */,
				D5AEA12C28D9DCA800A25BDC /* Main.storyboard in Resources */,
				D58C917028E3192C00270282 /* MatchView.storyboard in Resources */,
			);
			runOnlyForDeploymentPostprocessing = 0;
		};
/* End PBXResourcesBuildPhase section */

/* Begin PBXSourcesBuildPhase section */
		D5AEA11D28D9DCA800A25BDC /* Sources */ = {
			isa = PBXSourcesBuildPhase;
			buildActionMask = 2147483647;
			files = (
				D58C917628E3196700270282 /* PlayListViewController.swift in Sources */,
				D5AEA12928D9DCA800A25BDC /* ViewController.swift in Sources */,
				D58C917A28E319C400270282 /* PlayListDetailViewController.swift in Sources */,
				D58C917E28E319E300270282 /* MapViewController.swift in Sources */,
				D5AEA12528D9DCA800A25BDC /* AppDelegate.swift in Sources */,
				D58C917228E3193F00270282 /* MatchViewController.swift in Sources */,
				D58C916428E303C600270282 /* MatchViewModel.swift in Sources */,
				D58C916E28E318D000270282 /* imsi.swift in Sources */,
				D5AEA12F28D9DCA800A25BDC /* PLREQ.xcdatamodeld in Sources */,
				D5AEA12728D9DCA800A25BDC /* SceneDelegate.swift in Sources */,
			);
			runOnlyForDeploymentPostprocessing = 0;
		};
/* End PBXSourcesBuildPhase section */

/* Begin PBXVariantGroup section */
		D5AEA12A28D9DCA800A25BDC /* Main.storyboard */ = {
			isa = PBXVariantGroup;
			children = (
				D5AEA12B28D9DCA800A25BDC /* Base */,
			);
			name = Main.storyboard;
			sourceTree = "<group>";
		};
		D5AEA13228D9DCA800A25BDC /* LaunchScreen.storyboard */ = {
			isa = PBXVariantGroup;
			children = (
				D5AEA13328D9DCA800A25BDC /* Base */,
			);
			name = LaunchScreen.storyboard;
			sourceTree = "<group>";
		};
/* End PBXVariantGroup section */

/* Begin XCBuildConfiguration section */
		D5AEA13628D9DCA800A25BDC /* Debug */ = {
			isa = XCBuildConfiguration;
			buildSettings = {
				ALWAYS_SEARCH_USER_PATHS = NO;
				CLANG_ANALYZER_NONNULL = YES;
				CLANG_ANALYZER_NUMBER_OBJECT_CONVERSION = YES_AGGRESSIVE;
				CLANG_CXX_LANGUAGE_STANDARD = "gnu++17";
				CLANG_ENABLE_MODULES = YES;
				CLANG_ENABLE_OBJC_ARC = YES;
				CLANG_ENABLE_OBJC_WEAK = YES;
				CLANG_WARN_BLOCK_CAPTURE_AUTORELEASING = YES;
				CLANG_WARN_BOOL_CONVERSION = YES;
				CLANG_WARN_COMMA = YES;
				CLANG_WARN_CONSTANT_CONVERSION = YES;
				CLANG_WARN_DEPRECATED_OBJC_IMPLEMENTATIONS = YES;
				CLANG_WARN_DIRECT_OBJC_ISA_USAGE = YES_ERROR;
				CLANG_WARN_DOCUMENTATION_COMMENTS = YES;
				CLANG_WARN_EMPTY_BODY = YES;
				CLANG_WARN_ENUM_CONVERSION = YES;
				CLANG_WARN_INFINITE_RECURSION = YES;
				CLANG_WARN_INT_CONVERSION = YES;
				CLANG_WARN_NON_LITERAL_NULL_CONVERSION = YES;
				CLANG_WARN_OBJC_IMPLICIT_RETAIN_SELF = YES;
				CLANG_WARN_OBJC_LITERAL_CONVERSION = YES;
				CLANG_WARN_OBJC_ROOT_CLASS = YES_ERROR;
				CLANG_WARN_QUOTED_INCLUDE_IN_FRAMEWORK_HEADER = YES;
				CLANG_WARN_RANGE_LOOP_ANALYSIS = YES;
				CLANG_WARN_STRICT_PROTOTYPES = YES;
				CLANG_WARN_SUSPICIOUS_MOVE = YES;
				CLANG_WARN_UNGUARDED_AVAILABILITY = YES_AGGRESSIVE;
				CLANG_WARN_UNREACHABLE_CODE = YES;
				CLANG_WARN__DUPLICATE_METHOD_MATCH = YES;
				COPY_PHASE_STRIP = NO;
				DEBUG_INFORMATION_FORMAT = dwarf;
				ENABLE_STRICT_OBJC_MSGSEND = YES;
				ENABLE_TESTABILITY = YES;
				GCC_C_LANGUAGE_STANDARD = gnu11;
				GCC_DYNAMIC_NO_PIC = NO;
				GCC_NO_COMMON_BLOCKS = YES;
				GCC_OPTIMIZATION_LEVEL = 0;
				GCC_PREPROCESSOR_DEFINITIONS = (
					"DEBUG=1",
					"$(inherited)",
				);
				GCC_WARN_64_TO_32_BIT_CONVERSION = YES;
				GCC_WARN_ABOUT_RETURN_TYPE = YES_ERROR;
				GCC_WARN_UNDECLARED_SELECTOR = YES;
				GCC_WARN_UNINITIALIZED_AUTOS = YES_AGGRESSIVE;
				GCC_WARN_UNUSED_FUNCTION = YES;
				GCC_WARN_UNUSED_VARIABLE = YES;
				IPHONEOS_DEPLOYMENT_TARGET = 15.5;
				MTL_ENABLE_DEBUG_INFO = INCLUDE_SOURCE;
				MTL_FAST_MATH = YES;
				ONLY_ACTIVE_ARCH = YES;
				SDKROOT = iphoneos;
				SWIFT_ACTIVE_COMPILATION_CONDITIONS = DEBUG;
				SWIFT_OPTIMIZATION_LEVEL = "-Onone";
			};
			name = Debug;
		};
		D5AEA13728D9DCA800A25BDC /* Release */ = {
			isa = XCBuildConfiguration;
			buildSettings = {
				ALWAYS_SEARCH_USER_PATHS = NO;
				CLANG_ANALYZER_NONNULL = YES;
				CLANG_ANALYZER_NUMBER_OBJECT_CONVERSION = YES_AGGRESSIVE;
				CLANG_CXX_LANGUAGE_STANDARD = "gnu++17";
				CLANG_ENABLE_MODULES = YES;
				CLANG_ENABLE_OBJC_ARC = YES;
				CLANG_ENABLE_OBJC_WEAK = YES;
				CLANG_WARN_BLOCK_CAPTURE_AUTORELEASING = YES;
				CLANG_WARN_BOOL_CONVERSION = YES;
				CLANG_WARN_COMMA = YES;
				CLANG_WARN_CONSTANT_CONVERSION = YES;
				CLANG_WARN_DEPRECATED_OBJC_IMPLEMENTATIONS = YES;
				CLANG_WARN_DIRECT_OBJC_ISA_USAGE = YES_ERROR;
				CLANG_WARN_DOCUMENTATION_COMMENTS = YES;
				CLANG_WARN_EMPTY_BODY = YES;
				CLANG_WARN_ENUM_CONVERSION = YES;
				CLANG_WARN_INFINITE_RECURSION = YES;
				CLANG_WARN_INT_CONVERSION = YES;
				CLANG_WARN_NON_LITERAL_NULL_CONVERSION = YES;
				CLANG_WARN_OBJC_IMPLICIT_RETAIN_SELF = YES;
				CLANG_WARN_OBJC_LITERAL_CONVERSION = YES;
				CLANG_WARN_OBJC_ROOT_CLASS = YES_ERROR;
				CLANG_WARN_QUOTED_INCLUDE_IN_FRAMEWORK_HEADER = YES;
				CLANG_WARN_RANGE_LOOP_ANALYSIS = YES;
				CLANG_WARN_STRICT_PROTOTYPES = YES;
				CLANG_WARN_SUSPICIOUS_MOVE = YES;
				CLANG_WARN_UNGUARDED_AVAILABILITY = YES_AGGRESSIVE;
				CLANG_WARN_UNREACHABLE_CODE = YES;
				CLANG_WARN__DUPLICATE_METHOD_MATCH = YES;
				COPY_PHASE_STRIP = NO;
				DEBUG_INFORMATION_FORMAT = "dwarf-with-dsym";
				ENABLE_NS_ASSERTIONS = NO;
				ENABLE_STRICT_OBJC_MSGSEND = YES;
				GCC_C_LANGUAGE_STANDARD = gnu11;
				GCC_NO_COMMON_BLOCKS = YES;
				GCC_WARN_64_TO_32_BIT_CONVERSION = YES;
				GCC_WARN_ABOUT_RETURN_TYPE = YES_ERROR;
				GCC_WARN_UNDECLARED_SELECTOR = YES;
				GCC_WARN_UNINITIALIZED_AUTOS = YES_AGGRESSIVE;
				GCC_WARN_UNUSED_FUNCTION = YES;
				GCC_WARN_UNUSED_VARIABLE = YES;
				IPHONEOS_DEPLOYMENT_TARGET = 15.5;
				MTL_ENABLE_DEBUG_INFO = NO;
				MTL_FAST_MATH = YES;
				SDKROOT = iphoneos;
				SWIFT_COMPILATION_MODE = wholemodule;
				SWIFT_OPTIMIZATION_LEVEL = "-O";
				VALIDATE_PRODUCT = YES;
			};
			name = Release;
		};
		D5AEA13928D9DCA800A25BDC /* Debug */ = {
			isa = XCBuildConfiguration;
			buildSettings = {
				ASSETCATALOG_COMPILER_APPICON_NAME = AppIcon;
				ASSETCATALOG_COMPILER_GLOBAL_ACCENT_COLOR_NAME = AccentColor;
				CODE_SIGN_IDENTITY = "Apple Development";
				CODE_SIGN_STYLE = Automatic;
				CURRENT_PROJECT_VERSION = 1;
				DEVELOPMENT_TEAM = 5N5TS7Y4MA;
				GENERATE_INFOPLIST_FILE = YES;
				INFOPLIST_FILE = PLREQ/Info.plist;
				INFOPLIST_KEY_NSMicrophoneUsageDescription = "노래 검색을 하기위해서 마이크 권한이 필요합니다. 녹음된 사운드는 음악 검색에만 사용됩니다.";
				INFOPLIST_KEY_UIApplicationSupportsIndirectInputEvents = YES;
				INFOPLIST_KEY_UILaunchStoryboardName = LaunchScreen;
				INFOPLIST_KEY_UIMainStoryboardFile = Main;
				INFOPLIST_KEY_UISupportedInterfaceOrientations_iPad = "UIInterfaceOrientationPortrait UIInterfaceOrientationPortraitUpsideDown UIInterfaceOrientationLandscapeLeft UIInterfaceOrientationLandscapeRight";
				INFOPLIST_KEY_UISupportedInterfaceOrientations_iPhone = "UIInterfaceOrientationPortrait UIInterfaceOrientationLandscapeLeft UIInterfaceOrientationLandscapeRight";
				LD_RUNPATH_SEARCH_PATHS = (
					"$(inherited)",
					"@executable_path/Frameworks",
				);
				MARKETING_VERSION = 1.0;
				PRODUCT_BUNDLE_IDENTIFIER = com.PLREQ;
				PRODUCT_NAME = "$(TARGET_NAME)";
				PROVISIONING_PROFILE_SPECIFIER = "";
				SWIFT_EMIT_LOC_STRINGS = YES;
				SWIFT_VERSION = 5.0;
				TARGETED_DEVICE_FAMILY = "1,2";
			};
			name = Debug;
		};
		D5AEA13A28D9DCA800A25BDC /* Release */ = {
			isa = XCBuildConfiguration;
			buildSettings = {
				ASSETCATALOG_COMPILER_APPICON_NAME = AppIcon;
				ASSETCATALOG_COMPILER_GLOBAL_ACCENT_COLOR_NAME = AccentColor;
				CODE_SIGN_IDENTITY = "Apple Development";
				CODE_SIGN_STYLE = Automatic;
				CURRENT_PROJECT_VERSION = 1;
				DEVELOPMENT_TEAM = 5N5TS7Y4MA;
				GENERATE_INFOPLIST_FILE = YES;
				INFOPLIST_FILE = PLREQ/Info.plist;
				INFOPLIST_KEY_NSMicrophoneUsageDescription = "노래 검색을 하기위해서 마이크 권한이 필요합니다. 녹음된 사운드는 음악 검색에만 사용됩니다.";
				INFOPLIST_KEY_UIApplicationSupportsIndirectInputEvents = YES;
				INFOPLIST_KEY_UILaunchStoryboardName = LaunchScreen;
				INFOPLIST_KEY_UIMainStoryboardFile = Main;
				INFOPLIST_KEY_UISupportedInterfaceOrientations_iPad = "UIInterfaceOrientationPortrait UIInterfaceOrientationPortraitUpsideDown UIInterfaceOrientationLandscapeLeft UIInterfaceOrientationLandscapeRight";
				INFOPLIST_KEY_UISupportedInterfaceOrientations_iPhone = "UIInterfaceOrientationPortrait UIInterfaceOrientationLandscapeLeft UIInterfaceOrientationLandscapeRight";
				LD_RUNPATH_SEARCH_PATHS = (
					"$(inherited)",
					"@executable_path/Frameworks",
				);
				MARKETING_VERSION = 1.0;
				PRODUCT_BUNDLE_IDENTIFIER = com.PLREQ;
				PRODUCT_NAME = "$(TARGET_NAME)";
				PROVISIONING_PROFILE_SPECIFIER = "";
				SWIFT_EMIT_LOC_STRINGS = YES;
				SWIFT_VERSION = 5.0;
				TARGETED_DEVICE_FAMILY = "1,2";
			};
			name = Release;
		};
/* End XCBuildConfiguration section */

/* Begin XCConfigurationList section */
		D5AEA11C28D9DCA800A25BDC /* Build configuration list for PBXProject "PLREQ" */ = {
			isa = XCConfigurationList;
			buildConfigurations = (
				D5AEA13628D9DCA800A25BDC /* Debug */,
				D5AEA13728D9DCA800A25BDC /* Release */,
			);
			defaultConfigurationIsVisible = 0;
			defaultConfigurationName = Release;
		};
		D5AEA13828D9DCA800A25BDC /* Build configuration list for PBXNativeTarget "PLREQ" */ = {
			isa = XCConfigurationList;
			buildConfigurations = (
				D5AEA13928D9DCA800A25BDC /* Debug */,
				D5AEA13A28D9DCA800A25BDC /* Release */,
			);
			defaultConfigurationIsVisible = 0;
			defaultConfigurationName = Release;
		};
/* End XCConfigurationList section */

/* Begin XCVersionGroup section */
		D5AEA12D28D9DCA800A25BDC /* PLREQ.xcdatamodeld */ = {
			isa = XCVersionGroup;
			children = (
				D5AEA12E28D9DCA800A25BDC /* PLREQ.xcdatamodel */,
			);
			currentVersion = D5AEA12E28D9DCA800A25BDC /* PLREQ.xcdatamodel */;
			path = PLREQ.xcdatamodeld;
			sourceTree = "<group>";
			versionGroupType = wrapper.xcdatamodel;
		};
/* End XCVersionGroup section */
	};
	rootObject = D5AEA11928D9DCA800A25BDC /* Project object */;
}
