// !$*UTF8*$!
{
	archiveVersion = 1;
	classes = {
	};
	objectVersion = 55;
	objects = {

/* Begin PBXBuildFile section */
		8B93D54128E8789700AD8170 /* MatchMusicCell.swift in Sources */ = {isa = PBXBuildFile; fileRef = 8B93D54028E8789700AD8170 /* MatchMusicCell.swift */; };
		D50F95D628F59C9F0072CDB5 /* NSManagedObject+.swift in Sources */ = {isa = PBXBuildFile; fileRef = D50F95D528F59C9F0072CDB5 /* NSManagedObject+.swift */; };
		D50F95DC28F5DDE40072CDB5 /* UINavigationController+.swift in Sources */ = {isa = PBXBuildFile; fileRef = D50F95DB28F5DDE40072CDB5 /* UINavigationController+.swift */; };
		D50F95E528F6EA930072CDB5 /* Protocol+.swift in Sources */ = {isa = PBXBuildFile; fileRef = D50F95E428F6EA930072CDB5 /* Protocol+.swift */; };
		D50F960828F724BC0072CDB5 /* AppleMusicExport.swift in Sources */ = {isa = PBXBuildFile; fileRef = D50F960728F724BC0072CDB5 /* AppleMusicExport.swift */; };
		D537200F28F4A50200753C36 /* PLREQDataManager.swift in Sources */ = {isa = PBXBuildFile; fileRef = D537200E28F4A50200753C36 /* PLREQDataManager.swift */; };
		D537201428F4A81A00753C36 /* PlayListDB+CoreDataClass.swift in Sources */ = {isa = PBXBuildFile; fileRef = D537201028F4A81A00753C36 /* PlayListDB+CoreDataClass.swift */; };
		D537201528F4A81A00753C36 /* PlayListDB+CoreDataProperties.swift in Sources */ = {isa = PBXBuildFile; fileRef = D537201128F4A81A00753C36 /* PlayListDB+CoreDataProperties.swift */; };
		D537201628F4A81A00753C36 /* MusicDB+CoreDataClass.swift in Sources */ = {isa = PBXBuildFile; fileRef = D537201228F4A81A00753C36 /* MusicDB+CoreDataClass.swift */; };
		D537201728F4A81A00753C36 /* MusicDB+CoreDataProperties.swift in Sources */ = {isa = PBXBuildFile; fileRef = D537201328F4A81A00753C36 /* MusicDB+CoreDataProperties.swift */; };
		D54C413628E343F400C7C0FD /* AppDelegate.swift in Sources */ = {isa = PBXBuildFile; fileRef = D54C413528E343F400C7C0FD /* AppDelegate.swift */; };
		D54C413828E343F400C7C0FD /* SceneDelegate.swift in Sources */ = {isa = PBXBuildFile; fileRef = D54C413728E343F400C7C0FD /* SceneDelegate.swift */; };
		D54C413A28E343F400C7C0FD /* ViewController.swift in Sources */ = {isa = PBXBuildFile; fileRef = D54C413928E343F400C7C0FD /* ViewController.swift */; };
		D54C413D28E343F400C7C0FD /* Main.storyboard in Resources */ = {isa = PBXBuildFile; fileRef = D54C413B28E343F400C7C0FD /* Main.storyboard */; };
		D54C414028E343F400C7C0FD /* PLREQ.xcdatamodeld in Sources */ = {isa = PBXBuildFile; fileRef = D54C413E28E343F400C7C0FD /* PLREQ.xcdatamodeld */; };
		D54C414228E343F500C7C0FD /* Assets.xcassets in Resources */ = {isa = PBXBuildFile; fileRef = D54C414128E343F500C7C0FD /* Assets.xcassets */; };
		D54C414528E343F500C7C0FD /* LaunchScreen.storyboard in Resources */ = {isa = PBXBuildFile; fileRef = D54C414328E343F500C7C0FD /* LaunchScreen.storyboard */; };
		D580697E28E45BF600461CD8 /* CALayer+.swift in Sources */ = {isa = PBXBuildFile; fileRef = D580697D28E45BF600461CD8 /* CALayer+.swift */; };
		D580698528E45C2500461CD8 /* MatchViewModel.swift in Sources */ = {isa = PBXBuildFile; fileRef = D580698428E45C2500461CD8 /* MatchViewModel.swift */; };
		D58069AA28E45C7500461CD8 /* PlayListDetailView.storyboard in Resources */ = {isa = PBXBuildFile; fileRef = D580699D28E45C7500461CD8 /* PlayListDetailView.storyboard */; };
		D58069AB28E45C7500461CD8 /* PlayListDetailViewController.swift in Sources */ = {isa = PBXBuildFile; fileRef = D580699E28E45C7500461CD8 /* PlayListDetailViewController.swift */; };
		D58069AC28E45C7500461CD8 /* MatchViewController.swift in Sources */ = {isa = PBXBuildFile; fileRef = D58069A028E45C7500461CD8 /* MatchViewController.swift */; };
		D58069AD28E45C7500461CD8 /* MatchView.storyboard in Resources */ = {isa = PBXBuildFile; fileRef = D58069A128E45C7500461CD8 /* MatchView.storyboard */; };
		D58069AE28E45C7500461CD8 /* MapViewController.swift in Sources */ = {isa = PBXBuildFile; fileRef = D58069A328E45C7500461CD8 /* MapViewController.swift */; };
		D58069AF28E45C7500461CD8 /* MapView.storyboard in Resources */ = {isa = PBXBuildFile; fileRef = D58069A428E45C7500461CD8 /* MapView.storyboard */; };
		D58069B028E45C7500461CD8 /* PlayListView.storyboard in Resources */ = {isa = PBXBuildFile; fileRef = D58069A628E45C7500461CD8 /* PlayListView.storyboard */; };
		D58069B128E45C7500461CD8 /* PlayListViewController.swift in Sources */ = {isa = PBXBuildFile; fileRef = D58069A728E45C7500461CD8 /* PlayListViewController.swift */; };
		D58069B228E45C7500461CD8 /* PlayListCollectionViewCell.swift in Sources */ = {isa = PBXBuildFile; fileRef = D58069A828E45C7500461CD8 /* PlayListCollectionViewCell.swift */; };
		D58069B328E45C7500461CD8 /* PlayListCollectionViewCell.xib in Resources */ = {isa = PBXBuildFile; fileRef = D58069A928E45C7500461CD8 /* PlayListCollectionViewCell.xib */; };
		D59398FC28EC6E300082A3F9 /* UIImageView+.swift in Sources */ = {isa = PBXBuildFile; fileRef = D59398FB28EC6E300082A3F9 /* UIImageView+.swift */; };
		D593996128EF55710082A3F9 /* UILable+.swift in Sources */ = {isa = PBXBuildFile; fileRef = D593996028EF55710082A3F9 /* UILable+.swift */; };
		D593996328EF59B30082A3F9 /* Date+.swift in Sources */ = {isa = PBXBuildFile; fileRef = D593996228EF59B30082A3F9 /* Date+.swift */; };
		D5B9ADA028EAFC1800859D50 /* RecentPlayListViewController.swift in Sources */ = {isa = PBXBuildFile; fileRef = D5B9AD9F28EAFC1800859D50 /* RecentPlayListViewController.swift */; };
		D5B9ADA328EAFC5000859D50 /* PlacePlayListViewController.swift in Sources */ = {isa = PBXBuildFile; fileRef = D5B9ADA228EAFC5000859D50 /* PlacePlayListViewController.swift */; };
		D5B9ADA628EB1E0400859D50 /* PlacePlayListTableViewCell.swift in Sources */ = {isa = PBXBuildFile; fileRef = D5B9ADA428EB1E0400859D50 /* PlacePlayListTableViewCell.swift */; };
		D5B9ADA728EB1E0400859D50 /* PlacePlayListTableViewCell.xib in Resources */ = {isa = PBXBuildFile; fileRef = D5B9ADA528EB1E0400859D50 /* PlacePlayListTableViewCell.xib */; };
/* End PBXBuildFile section */

/* Begin PBXFileReference section */
		8B93D54028E8789700AD8170 /* MatchMusicCell.swift */ = {isa = PBXFileReference; lastKnownFileType = sourcecode.swift; path = MatchMusicCell.swift; sourceTree = "<group>"; };
		D50F95D528F59C9F0072CDB5 /* NSManagedObject+.swift */ = {isa = PBXFileReference; lastKnownFileType = sourcecode.swift; path = "NSManagedObject+.swift"; sourceTree = "<group>"; };
		D50F95DB28F5DDE40072CDB5 /* UINavigationController+.swift */ = {isa = PBXFileReference; lastKnownFileType = sourcecode.swift; path = "UINavigationController+.swift"; sourceTree = "<group>"; };
		D50F95E428F6EA930072CDB5 /* Protocol+.swift */ = {isa = PBXFileReference; lastKnownFileType = sourcecode.swift; path = "Protocol+.swift"; sourceTree = "<group>"; };
		D50F960728F724BC0072CDB5 /* AppleMusicExport.swift */ = {isa = PBXFileReference; lastKnownFileType = sourcecode.swift; path = AppleMusicExport.swift; sourceTree = "<group>"; };
		D537200E28F4A50200753C36 /* PLREQDataManager.swift */ = {isa = PBXFileReference; lastKnownFileType = sourcecode.swift; path = PLREQDataManager.swift; sourceTree = "<group>"; };
		D537201028F4A81A00753C36 /* PlayListDB+CoreDataClass.swift */ = {isa = PBXFileReference; lastKnownFileType = sourcecode.swift; path = "PlayListDB+CoreDataClass.swift"; sourceTree = "<group>"; };
		D537201128F4A81A00753C36 /* PlayListDB+CoreDataProperties.swift */ = {isa = PBXFileReference; lastKnownFileType = sourcecode.swift; path = "PlayListDB+CoreDataProperties.swift"; sourceTree = "<group>"; };
		D537201228F4A81A00753C36 /* MusicDB+CoreDataClass.swift */ = {isa = PBXFileReference; lastKnownFileType = sourcecode.swift; path = "MusicDB+CoreDataClass.swift"; sourceTree = "<group>"; };
		D537201328F4A81A00753C36 /* MusicDB+CoreDataProperties.swift */ = {isa = PBXFileReference; lastKnownFileType = sourcecode.swift; path = "MusicDB+CoreDataProperties.swift"; sourceTree = "<group>"; };
		D54C413228E343F400C7C0FD /* PLREQ.app */ = {isa = PBXFileReference; explicitFileType = wrapper.application; includeInIndex = 0; path = PLREQ.app; sourceTree = BUILT_PRODUCTS_DIR; };
		D54C413528E343F400C7C0FD /* AppDelegate.swift */ = {isa = PBXFileReference; lastKnownFileType = sourcecode.swift; path = AppDelegate.swift; sourceTree = "<group>"; };
		D54C413728E343F400C7C0FD /* SceneDelegate.swift */ = {isa = PBXFileReference; lastKnownFileType = sourcecode.swift; path = SceneDelegate.swift; sourceTree = "<group>"; };
		D54C413928E343F400C7C0FD /* ViewController.swift */ = {isa = PBXFileReference; lastKnownFileType = sourcecode.swift; path = ViewController.swift; sourceTree = "<group>"; };
		D54C413C28E343F400C7C0FD /* Base */ = {isa = PBXFileReference; lastKnownFileType = file.storyboard; name = Base; path = Base.lproj/Main.storyboard; sourceTree = "<group>"; };
		D54C413F28E343F400C7C0FD /* PLREQ.xcdatamodel */ = {isa = PBXFileReference; lastKnownFileType = wrapper.xcdatamodel; path = PLREQ.xcdatamodel; sourceTree = "<group>"; };
		D54C414128E343F500C7C0FD /* Assets.xcassets */ = {isa = PBXFileReference; lastKnownFileType = folder.assetcatalog; path = Assets.xcassets; sourceTree = "<group>"; };
		D54C414428E343F500C7C0FD /* Base */ = {isa = PBXFileReference; lastKnownFileType = file.storyboard; name = Base; path = Base.lproj/LaunchScreen.storyboard; sourceTree = "<group>"; };
		D54C414628E343F500C7C0FD /* Info.plist */ = {isa = PBXFileReference; lastKnownFileType = text.plist.xml; path = Info.plist; sourceTree = "<group>"; };
		D580697D28E45BF600461CD8 /* CALayer+.swift */ = {isa = PBXFileReference; fileEncoding = 4; lastKnownFileType = sourcecode.swift; path = "CALayer+.swift"; sourceTree = "<group>"; };
		D580698428E45C2500461CD8 /* MatchViewModel.swift */ = {isa = PBXFileReference; fileEncoding = 4; lastKnownFileType = sourcecode.swift; path = MatchViewModel.swift; sourceTree = "<group>"; };
		D580699D28E45C7500461CD8 /* PlayListDetailView.storyboard */ = {isa = PBXFileReference; fileEncoding = 4; lastKnownFileType = file.storyboard; path = PlayListDetailView.storyboard; sourceTree = "<group>"; };
		D580699E28E45C7500461CD8 /* PlayListDetailViewController.swift */ = {isa = PBXFileReference; fileEncoding = 4; lastKnownFileType = sourcecode.swift; path = PlayListDetailViewController.swift; sourceTree = "<group>"; };
		D58069A028E45C7500461CD8 /* MatchViewController.swift */ = {isa = PBXFileReference; fileEncoding = 4; lastKnownFileType = sourcecode.swift; path = MatchViewController.swift; sourceTree = "<group>"; };
		D58069A128E45C7500461CD8 /* MatchView.storyboard */ = {isa = PBXFileReference; fileEncoding = 4; lastKnownFileType = file.storyboard; path = MatchView.storyboard; sourceTree = "<group>"; };
		D58069A328E45C7500461CD8 /* MapViewController.swift */ = {isa = PBXFileReference; fileEncoding = 4; lastKnownFileType = sourcecode.swift; path = MapViewController.swift; sourceTree = "<group>"; };
		D58069A428E45C7500461CD8 /* MapView.storyboard */ = {isa = PBXFileReference; fileEncoding = 4; lastKnownFileType = file.storyboard; path = MapView.storyboard; sourceTree = "<group>"; };
		D58069A628E45C7500461CD8 /* PlayListView.storyboard */ = {isa = PBXFileReference; fileEncoding = 4; lastKnownFileType = file.storyboard; path = PlayListView.storyboard; sourceTree = "<group>"; };
		D58069A728E45C7500461CD8 /* PlayListViewController.swift */ = {isa = PBXFileReference; fileEncoding = 4; lastKnownFileType = sourcecode.swift; path = PlayListViewController.swift; sourceTree = "<group>"; };
		D58069A828E45C7500461CD8 /* PlayListCollectionViewCell.swift */ = {isa = PBXFileReference; fileEncoding = 4; lastKnownFileType = sourcecode.swift; path = PlayListCollectionViewCell.swift; sourceTree = "<group>"; };
		D58069A928E45C7500461CD8 /* PlayListCollectionViewCell.xib */ = {isa = PBXFileReference; fileEncoding = 4; lastKnownFileType = file.xib; path = PlayListCollectionViewCell.xib; sourceTree = "<group>"; };
		D59398FB28EC6E300082A3F9 /* UIImageView+.swift */ = {isa = PBXFileReference; lastKnownFileType = sourcecode.swift; path = "UIImageView+.swift"; sourceTree = "<group>"; };
		D593996028EF55710082A3F9 /* UILable+.swift */ = {isa = PBXFileReference; lastKnownFileType = sourcecode.swift; path = "UILable+.swift"; sourceTree = "<group>"; };
		D593996228EF59B30082A3F9 /* Date+.swift */ = {isa = PBXFileReference; lastKnownFileType = sourcecode.swift; path = "Date+.swift"; sourceTree = "<group>"; };
		D5B9AD9F28EAFC1800859D50 /* RecentPlayListViewController.swift */ = {isa = PBXFileReference; lastKnownFileType = sourcecode.swift; path = RecentPlayListViewController.swift; sourceTree = "<group>"; };
		D5B9ADA228EAFC5000859D50 /* PlacePlayListViewController.swift */ = {isa = PBXFileReference; lastKnownFileType = sourcecode.swift; path = PlacePlayListViewController.swift; sourceTree = "<group>"; };
		D5B9ADA428EB1E0400859D50 /* PlacePlayListTableViewCell.swift */ = {isa = PBXFileReference; lastKnownFileType = sourcecode.swift; path = PlacePlayListTableViewCell.swift; sourceTree = "<group>"; };
		D5B9ADA528EB1E0400859D50 /* PlacePlayListTableViewCell.xib */ = {isa = PBXFileReference; lastKnownFileType = file.xib; path = PlacePlayListTableViewCell.xib; sourceTree = "<group>"; };
/* End PBXFileReference section */

/* Begin PBXFrameworksBuildPhase section */
		D54C412F28E343F400C7C0FD /* Frameworks */ = {
			isa = PBXFrameworksBuildPhase;
			buildActionMask = 2147483647;
			files = (
			);
			runOnlyForDeploymentPostprocessing = 0;
		};
/* End PBXFrameworksBuildPhase section */

/* Begin PBXGroup section */
		D50F95E328F6EA8A0072CDB5 /* Protocol */ = {
			isa = PBXGroup;
			children = (
				D50F95E428F6EA930072CDB5 /* Protocol+.swift */,
			);
			path = Protocol;
			sourceTree = "<group>";
		};
		D50F960628F724A40072CDB5 /* PlayListDetailView */ = {
			isa = PBXGroup;
			children = (
				D50F960728F724BC0072CDB5 /* AppleMusicExport.swift */,
			);
			path = PlayListDetailView;
			sourceTree = "<group>";
		};
		D54C412928E343F400C7C0FD = {
			isa = PBXGroup;
			children = (
				D54C413428E343F400C7C0FD /* PLREQ */,
				D54C413328E343F400C7C0FD /* Products */,
			);
			sourceTree = "<group>";
		};
		D54C413328E343F400C7C0FD /* Products */ = {
			isa = PBXGroup;
			children = (
				D54C413228E343F400C7C0FD /* PLREQ.app */,
			);
			name = Products;
			sourceTree = "<group>";
		};
		D54C413428E343F400C7C0FD /* PLREQ */ = {
			isa = PBXGroup;
			children = (
				D54C414628E343F500C7C0FD /* Info.plist */,
				D580697C28E45BF600461CD8 /* Extensions */,
				D58069B428E45CCF00461CD8 /* Resources */,
				D54C413928E343F400C7C0FD /* ViewController.swift */,
				D54C413B28E343F400C7C0FD /* Main.storyboard */,
				D580699B28E45C7500461CD8 /* Views */,
				D580698328E45C2500461CD8 /* ViewModels */,
				D580697F28E45C0900461CD8 /* Models */,
				D50F95E328F6EA8A0072CDB5 /* Protocol */,
			);
			path = PLREQ;
			sourceTree = "<group>";
		};
		D580697C28E45BF600461CD8 /* Extensions */ = {
			isa = PBXGroup;
			children = (
				D580697D28E45BF600461CD8 /* CALayer+.swift */,
				D59398FB28EC6E300082A3F9 /* UIImageView+.swift */,
				D593996028EF55710082A3F9 /* UILable+.swift */,
				D593996228EF59B30082A3F9 /* Date+.swift */,
				D50F95D528F59C9F0072CDB5 /* NSManagedObject+.swift */,
				D50F95DB28F5DDE40072CDB5 /* UINavigationController+.swift */,
			);
			path = Extensions;
			sourceTree = "<group>";
		};
		D580697F28E45C0900461CD8 /* Models */ = {
			isa = PBXGroup;
			children = (
				D537201028F4A81A00753C36 /* PlayListDB+CoreDataClass.swift */,
				D537201128F4A81A00753C36 /* PlayListDB+CoreDataProperties.swift */,
				D537201228F4A81A00753C36 /* MusicDB+CoreDataClass.swift */,
				D537201328F4A81A00753C36 /* MusicDB+CoreDataProperties.swift */,
				D54C413E28E343F400C7C0FD /* PLREQ.xcdatamodeld */,
				D537200E28F4A50200753C36 /* PLREQDataManager.swift */,
			);
			path = Models;
			sourceTree = "<group>";
		};
		D580698328E45C2500461CD8 /* ViewModels */ = {
			isa = PBXGroup;
			children = (
				D50F960628F724A40072CDB5 /* PlayListDetailView */,
				D580698428E45C2500461CD8 /* MatchViewModel.swift */,
			);
			path = ViewModels;
			sourceTree = "<group>";
		};
		D580699B28E45C7500461CD8 /* Views */ = {
			isa = PBXGroup;
			children = (
				D580699F28E45C7500461CD8 /* MatchView */,
				D580699C28E45C7500461CD8 /* PlayListDetailView */,
				D58069A228E45C7500461CD8 /* MapView */,
				D58069A528E45C7500461CD8 /* PlayListView */,
			);
			path = Views;
			sourceTree = "<group>";
		};
		D580699C28E45C7500461CD8 /* PlayListDetailView */ = {
			isa = PBXGroup;
			children = (
				D580699D28E45C7500461CD8 /* PlayListDetailView.storyboard */,
				D580699E28E45C7500461CD8 /* PlayListDetailViewController.swift */,
			);
			path = PlayListDetailView;
			sourceTree = "<group>";
		};
		D580699F28E45C7500461CD8 /* MatchView */ = {
			isa = PBXGroup;
			children = (
				D58069A028E45C7500461CD8 /* MatchViewController.swift */,
				8B93D54028E8789700AD8170 /* MatchMusicCell.swift */,
				D58069A128E45C7500461CD8 /* MatchView.storyboard */,
			);
			path = MatchView;
			sourceTree = "<group>";
		};
		D58069A228E45C7500461CD8 /* MapView */ = {
			isa = PBXGroup;
			children = (
				D58069A328E45C7500461CD8 /* MapViewController.swift */,
				D58069A428E45C7500461CD8 /* MapView.storyboard */,
			);
			path = MapView;
			sourceTree = "<group>";
		};
		D58069A528E45C7500461CD8 /* PlayListView */ = {
			isa = PBXGroup;
			children = (
				D5B9AD9E28EAFBF600859D50 /* RecentPlayListView */,
				D5B9ADA128EAFC3B00859D50 /* PlacePlayListView */,
				D58069A628E45C7500461CD8 /* PlayListView.storyboard */,
				D58069A728E45C7500461CD8 /* PlayListViewController.swift */,
				D58069A828E45C7500461CD8 /* PlayListCollectionViewCell.swift */,
				D58069A928E45C7500461CD8 /* PlayListCollectionViewCell.xib */,
			);
			path = PlayListView;
			sourceTree = "<group>";
		};
		D58069B428E45CCF00461CD8 /* Resources */ = {
			isa = PBXGroup;
			children = (
				D54C414328E343F500C7C0FD /* LaunchScreen.storyboard */,
				D54C414128E343F500C7C0FD /* Assets.xcassets */,
				D54C413528E343F400C7C0FD /* AppDelegate.swift */,
				D54C413728E343F400C7C0FD /* SceneDelegate.swift */,
			);
			path = Resources;
			sourceTree = "<group>";
		};
		D5B9AD9E28EAFBF600859D50 /* RecentPlayListView */ = {
			isa = PBXGroup;
			children = (
				D5B9AD9F28EAFC1800859D50 /* RecentPlayListViewController.swift */,
			);
			path = RecentPlayListView;
			sourceTree = "<group>";
		};
		D5B9ADA128EAFC3B00859D50 /* PlacePlayListView */ = {
			isa = PBXGroup;
			children = (
				D5B9ADA228EAFC5000859D50 /* PlacePlayListViewController.swift */,
				D5B9ADA428EB1E0400859D50 /* PlacePlayListTableViewCell.swift */,
				D5B9ADA528EB1E0400859D50 /* PlacePlayListTableViewCell.xib */,
			);
			path = PlacePlayListView;
			sourceTree = "<group>";
		};
/* End PBXGroup section */

/* Begin PBXNativeTarget section */
		D54C413128E343F400C7C0FD /* PLREQ */ = {
			isa = PBXNativeTarget;
			buildConfigurationList = D54C414928E343F500C7C0FD /* Build configuration list for PBXNativeTarget "PLREQ" */;
			buildPhases = (
				D54C412E28E343F400C7C0FD /* Sources */,
				D54C412F28E343F400C7C0FD /* Frameworks */,
				D54C413028E343F400C7C0FD /* Resources */,
			);
			buildRules = (
			);
			dependencies = (
			);
			name = PLREQ;
			productName = PLREQ;
			productReference = D54C413228E343F400C7C0FD /* PLREQ.app */;
			productType = "com.apple.product-type.application";
		};
/* End PBXNativeTarget section */

/* Begin PBXProject section */
		D54C412A28E343F400C7C0FD /* Project object */ = {
			isa = PBXProject;
			attributes = {
				BuildIndependentTargetsInParallel = 1;
				LastSwiftUpdateCheck = 1340;
				LastUpgradeCheck = 1340;
				TargetAttributes = {
					D54C413128E343F400C7C0FD = {
						CreatedOnToolsVersion = 13.4.1;
					};
				};
			};
			buildConfigurationList = D54C412D28E343F400C7C0FD /* Build configuration list for PBXProject "PLREQ" */;
			compatibilityVersion = "Xcode 13.0";
			developmentRegion = en;
			hasScannedForEncodings = 0;
			knownRegions = (
				en,
				Base,
			);
			mainGroup = D54C412928E343F400C7C0FD;
			productRefGroup = D54C413328E343F400C7C0FD /* Products */;
			projectDirPath = "";
			projectRoot = "";
			targets = (
				D54C413128E343F400C7C0FD /* PLREQ */,
			);
		};
/* End PBXProject section */

/* Begin PBXResourcesBuildPhase section */
		D54C413028E343F400C7C0FD /* Resources */ = {
			isa = PBXResourcesBuildPhase;
			buildActionMask = 2147483647;
			files = (
				D58069B328E45C7500461CD8 /* PlayListCollectionViewCell.xib in Resources */,
				D58069AA28E45C7500461CD8 /* PlayListDetailView.storyboard in Resources */,
				D5B9ADA728EB1E0400859D50 /* PlacePlayListTableViewCell.xib in Resources */,
				D54C414528E343F500C7C0FD /* LaunchScreen.storyboard in Resources */,
				D58069AF28E45C7500461CD8 /* MapView.storyboard in Resources */,
				D54C414228E343F500C7C0FD /* Assets.xcassets in Resources */,
				D58069AD28E45C7500461CD8 /* MatchView.storyboard in Resources */,
				D54C413D28E343F400C7C0FD /* Main.storyboard in Resources */,
				D58069B028E45C7500461CD8 /* PlayListView.storyboard in Resources */,
			);
			runOnlyForDeploymentPostprocessing = 0;
		};
/* End PBXResourcesBuildPhase section */

/* Begin PBXSourcesBuildPhase section */
		D54C412E28E343F400C7C0FD /* Sources */ = {
			isa = PBXSourcesBuildPhase;
			buildActionMask = 2147483647;
			files = (
				D58069B128E45C7500461CD8 /* PlayListViewController.swift in Sources */,
				8B93D54128E8789700AD8170 /* MatchMusicCell.swift in Sources */,
				D58069AC28E45C7500461CD8 /* MatchViewController.swift in Sources */,
				D537201428F4A81A00753C36 /* PlayListDB+CoreDataClass.swift in Sources */,
				D50F960828F724BC0072CDB5 /* AppleMusicExport.swift in Sources */,
				D593996128EF55710082A3F9 /* UILable+.swift in Sources */,
				D50F95E528F6EA930072CDB5 /* Protocol+.swift in Sources */,
				D5B9ADA328EAFC5000859D50 /* PlacePlayListViewController.swift in Sources */,
				D580697E28E45BF600461CD8 /* CALayer+.swift in Sources */,
				D5B9ADA028EAFC1800859D50 /* RecentPlayListViewController.swift in Sources */,
				D537200F28F4A50200753C36 /* PLREQDataManager.swift in Sources */,
				D50F95D628F59C9F0072CDB5 /* NSManagedObject+.swift in Sources */,
				D58069AB28E45C7500461CD8 /* PlayListDetailViewController.swift in Sources */,
				D537201528F4A81A00753C36 /* PlayListDB+CoreDataProperties.swift in Sources */,
				D58069B228E45C7500461CD8 /* PlayListCollectionViewCell.swift in Sources */,
				D54C413A28E343F400C7C0FD /* ViewController.swift in Sources */,
				D58069AE28E45C7500461CD8 /* MapViewController.swift in Sources */,
				D59398FC28EC6E300082A3F9 /* UIImageView+.swift in Sources */,
				D537201728F4A81A00753C36 /* MusicDB+CoreDataProperties.swift in Sources */,
				D54C413628E343F400C7C0FD /* AppDelegate.swift in Sources */,
				D593996328EF59B30082A3F9 /* Date+.swift in Sources */,
				D5B9ADA628EB1E0400859D50 /* PlacePlayListTableViewCell.swift in Sources */,
				D54C414028E343F400C7C0FD /* PLREQ.xcdatamodeld in Sources */,
				D50F95DC28F5DDE40072CDB5 /* UINavigationController+.swift in Sources */,
				D580698528E45C2500461CD8 /* MatchViewModel.swift in Sources */,
				D54C413828E343F400C7C0FD /* SceneDelegate.swift in Sources */,
				D537201628F4A81A00753C36 /* MusicDB+CoreDataClass.swift in Sources */,
			);
			runOnlyForDeploymentPostprocessing = 0;
		};
/* End PBXSourcesBuildPhase section */

/* Begin PBXVariantGroup section */
		D54C413B28E343F400C7C0FD /* Main.storyboard */ = {
			isa = PBXVariantGroup;
			children = (
				D54C413C28E343F400C7C0FD /* Base */,
			);
			name = Main.storyboard;
			sourceTree = "<group>";
		};
		D54C414328E343F500C7C0FD /* LaunchScreen.storyboard */ = {
			isa = PBXVariantGroup;
			children = (
				D54C414428E343F500C7C0FD /* Base */,
			);
			name = LaunchScreen.storyboard;
			sourceTree = "<group>";
		};
/* End PBXVariantGroup section */

/* Begin XCBuildConfiguration section */
		D54C414728E343F500C7C0FD /* Debug */ = {
			isa = XCBuildConfiguration;
			buildSettings = {
				ALWAYS_SEARCH_USER_PATHS = NO;
				CLANG_ANALYZER_NONNULL = YES;
				CLANG_ANALYZER_NUMBER_OBJECT_CONVERSION = YES_AGGRESSIVE;
				CLANG_CXX_LANGUAGE_STANDARD = "gnu++17";
				CLANG_ENABLE_MODULES = YES;
				CLANG_ENABLE_OBJC_ARC = YES;
				CLANG_ENABLE_OBJC_WEAK = YES;
				CLANG_WARN_BLOCK_CAPTURE_AUTORELEASING = YES;
				CLANG_WARN_BOOL_CONVERSION = YES;
				CLANG_WARN_COMMA = YES;
				CLANG_WARN_CONSTANT_CONVERSION = YES;
				CLANG_WARN_DEPRECATED_OBJC_IMPLEMENTATIONS = YES;
				CLANG_WARN_DIRECT_OBJC_ISA_USAGE = YES_ERROR;
				CLANG_WARN_DOCUMENTATION_COMMENTS = YES;
				CLANG_WARN_EMPTY_BODY = YES;
				CLANG_WARN_ENUM_CONVERSION = YES;
				CLANG_WARN_INFINITE_RECURSION = YES;
				CLANG_WARN_INT_CONVERSION = YES;
				CLANG_WARN_NON_LITERAL_NULL_CONVERSION = YES;
				CLANG_WARN_OBJC_IMPLICIT_RETAIN_SELF = YES;
				CLANG_WARN_OBJC_LITERAL_CONVERSION = YES;
				CLANG_WARN_OBJC_ROOT_CLASS = YES_ERROR;
				CLANG_WARN_QUOTED_INCLUDE_IN_FRAMEWORK_HEADER = YES;
				CLANG_WARN_RANGE_LOOP_ANALYSIS = YES;
				CLANG_WARN_STRICT_PROTOTYPES = YES;
				CLANG_WARN_SUSPICIOUS_MOVE = YES;
				CLANG_WARN_UNGUARDED_AVAILABILITY = YES_AGGRESSIVE;
				CLANG_WARN_UNREACHABLE_CODE = YES;
				CLANG_WARN__DUPLICATE_METHOD_MATCH = YES;
				COPY_PHASE_STRIP = NO;
				DEBUG_INFORMATION_FORMAT = dwarf;
				ENABLE_STRICT_OBJC_MSGSEND = YES;
				ENABLE_TESTABILITY = YES;
				GCC_C_LANGUAGE_STANDARD = gnu11;
				GCC_DYNAMIC_NO_PIC = NO;
				GCC_NO_COMMON_BLOCKS = YES;
				GCC_OPTIMIZATION_LEVEL = 0;
				GCC_PREPROCESSOR_DEFINITIONS = (
					"DEBUG=1",
					"$(inherited)",
				);
				GCC_WARN_64_TO_32_BIT_CONVERSION = YES;
				GCC_WARN_ABOUT_RETURN_TYPE = YES_ERROR;
				GCC_WARN_UNDECLARED_SELECTOR = YES;
				GCC_WARN_UNINITIALIZED_AUTOS = YES_AGGRESSIVE;
				GCC_WARN_UNUSED_FUNCTION = YES;
				GCC_WARN_UNUSED_VARIABLE = YES;
				IPHONEOS_DEPLOYMENT_TARGET = 15.0;
				MTL_ENABLE_DEBUG_INFO = INCLUDE_SOURCE;
				MTL_FAST_MATH = YES;
				ONLY_ACTIVE_ARCH = YES;
				SDKROOT = iphoneos;
				SWIFT_ACTIVE_COMPILATION_CONDITIONS = DEBUG;
				SWIFT_OPTIMIZATION_LEVEL = "-Onone";
			};
			name = Debug;
		};
		D54C414828E343F500C7C0FD /* Release */ = {
			isa = XCBuildConfiguration;
			buildSettings = {
				ALWAYS_SEARCH_USER_PATHS = NO;
				CLANG_ANALYZER_NONNULL = YES;
				CLANG_ANALYZER_NUMBER_OBJECT_CONVERSION = YES_AGGRESSIVE;
				CLANG_CXX_LANGUAGE_STANDARD = "gnu++17";
				CLANG_ENABLE_MODULES = YES;
				CLANG_ENABLE_OBJC_ARC = YES;
				CLANG_ENABLE_OBJC_WEAK = YES;
				CLANG_WARN_BLOCK_CAPTURE_AUTORELEASING = YES;
				CLANG_WARN_BOOL_CONVERSION = YES;
				CLANG_WARN_COMMA = YES;
				CLANG_WARN_CONSTANT_CONVERSION = YES;
				CLANG_WARN_DEPRECATED_OBJC_IMPLEMENTATIONS = YES;
				CLANG_WARN_DIRECT_OBJC_ISA_USAGE = YES_ERROR;
				CLANG_WARN_DOCUMENTATION_COMMENTS = YES;
				CLANG_WARN_EMPTY_BODY = YES;
				CLANG_WARN_ENUM_CONVERSION = YES;
				CLANG_WARN_INFINITE_RECURSION = YES;
				CLANG_WARN_INT_CONVERSION = YES;
				CLANG_WARN_NON_LITERAL_NULL_CONVERSION = YES;
				CLANG_WARN_OBJC_IMPLICIT_RETAIN_SELF = YES;
				CLANG_WARN_OBJC_LITERAL_CONVERSION = YES;
				CLANG_WARN_OBJC_ROOT_CLASS = YES_ERROR;
				CLANG_WARN_QUOTED_INCLUDE_IN_FRAMEWORK_HEADER = YES;
				CLANG_WARN_RANGE_LOOP_ANALYSIS = YES;
				CLANG_WARN_STRICT_PROTOTYPES = YES;
				CLANG_WARN_SUSPICIOUS_MOVE = YES;
				CLANG_WARN_UNGUARDED_AVAILABILITY = YES_AGGRESSIVE;
				CLANG_WARN_UNREACHABLE_CODE = YES;
				CLANG_WARN__DUPLICATE_METHOD_MATCH = YES;
				COPY_PHASE_STRIP = NO;
				DEBUG_INFORMATION_FORMAT = "dwarf-with-dsym";
				ENABLE_NS_ASSERTIONS = NO;
				ENABLE_STRICT_OBJC_MSGSEND = YES;
				GCC_C_LANGUAGE_STANDARD = gnu11;
				GCC_NO_COMMON_BLOCKS = YES;
				GCC_WARN_64_TO_32_BIT_CONVERSION = YES;
				GCC_WARN_ABOUT_RETURN_TYPE = YES_ERROR;
				GCC_WARN_UNDECLARED_SELECTOR = YES;
				GCC_WARN_UNINITIALIZED_AUTOS = YES_AGGRESSIVE;
				GCC_WARN_UNUSED_FUNCTION = YES;
				GCC_WARN_UNUSED_VARIABLE = YES;
				IPHONEOS_DEPLOYMENT_TARGET = 15.0;
				MTL_ENABLE_DEBUG_INFO = NO;
				MTL_FAST_MATH = YES;
				SDKROOT = iphoneos;
				SWIFT_COMPILATION_MODE = wholemodule;
				SWIFT_OPTIMIZATION_LEVEL = "-O";
				VALIDATE_PRODUCT = YES;
			};
			name = Release;
		};
		D54C414A28E343F500C7C0FD /* Debug */ = {
			isa = XCBuildConfiguration;
			buildSettings = {
				ASSETCATALOG_COMPILER_APPICON_NAME = AppIcon;
				ASSETCATALOG_COMPILER_GLOBAL_ACCENT_COLOR_NAME = AccentColor;
				CODE_SIGN_STYLE = Automatic;
				CURRENT_PROJECT_VERSION = 1;
				DEVELOPMENT_TEAM = 5N5TS7Y4MA;
				GENERATE_INFOPLIST_FILE = YES;
				INFOPLIST_FILE = PLREQ/Info.plist;
				INFOPLIST_KEY_NSAppleMusicUsageDescription = "애플 뮤직 플레이리스트를 사용하기 위해서는 접근권한이 필요합니다.";
				INFOPLIST_KEY_NSMicrophoneUsageDescription = "음악을 매칭하기 위하여 마이크에 대한 접근권한이 필요합니다.";
				INFOPLIST_KEY_UIApplicationSupportsIndirectInputEvents = YES;
				INFOPLIST_KEY_UILaunchStoryboardName = LaunchScreen;
				INFOPLIST_KEY_UIMainStoryboardFile = Main;
				INFOPLIST_KEY_UISupportedInterfaceOrientations_iPad = "UIInterfaceOrientationPortrait UIInterfaceOrientationPortraitUpsideDown UIInterfaceOrientationLandscapeLeft UIInterfaceOrientationLandscapeRight";
				INFOPLIST_KEY_UISupportedInterfaceOrientations_iPhone = "UIInterfaceOrientationPortrait UIInterfaceOrientationLandscapeLeft UIInterfaceOrientationLandscapeRight";
				LD_RUNPATH_SEARCH_PATHS = (
					"$(inherited)",
					"@executable_path/Frameworks",
				);
				MARKETING_VERSION = 1.0;
				PRODUCT_BUNDLE_IDENTIFIER = com.PLREQ;
				PRODUCT_NAME = "$(TARGET_NAME)";
				SWIFT_EMIT_LOC_STRINGS = YES;
				SWIFT_VERSION = 5.0;
				TARGETED_DEVICE_FAMILY = "1,2";
			};
			name = Debug;
		};
		D54C414B28E343F500C7C0FD /* Release */ = {
			isa = XCBuildConfiguration;
			buildSettings = {
				ASSETCATALOG_COMPILER_APPICON_NAME = AppIcon;
				ASSETCATALOG_COMPILER_GLOBAL_ACCENT_COLOR_NAME = AccentColor;
				CODE_SIGN_STYLE = Automatic;
				CURRENT_PROJECT_VERSION = 1;
				DEVELOPMENT_TEAM = 5N5TS7Y4MA;
				GENERATE_INFOPLIST_FILE = YES;
				INFOPLIST_FILE = PLREQ/Info.plist;
				INFOPLIST_KEY_NSAppleMusicUsageDescription = "애플 뮤직 플레이리스트를 사용하기 위해서는 접근권한이 필요합니다.";
				INFOPLIST_KEY_NSMicrophoneUsageDescription = "음악을 매칭하기 위하여 마이크에 대한 접근권한이 필요합니다.";
				INFOPLIST_KEY_UIApplicationSupportsIndirectInputEvents = YES;
				INFOPLIST_KEY_UILaunchStoryboardName = LaunchScreen;
				INFOPLIST_KEY_UIMainStoryboardFile = Main;
				INFOPLIST_KEY_UISupportedInterfaceOrientations_iPad = "UIInterfaceOrientationPortrait UIInterfaceOrientationPortraitUpsideDown UIInterfaceOrientationLandscapeLeft UIInterfaceOrientationLandscapeRight";
				INFOPLIST_KEY_UISupportedInterfaceOrientations_iPhone = "UIInterfaceOrientationPortrait UIInterfaceOrientationLandscapeLeft UIInterfaceOrientationLandscapeRight";
				LD_RUNPATH_SEARCH_PATHS = (
					"$(inherited)",
					"@executable_path/Frameworks",
				);
				MARKETING_VERSION = 1.0;
				PRODUCT_BUNDLE_IDENTIFIER = com.PLREQ;
				PRODUCT_NAME = "$(TARGET_NAME)";
				SWIFT_EMIT_LOC_STRINGS = YES;
				SWIFT_VERSION = 5.0;
				TARGETED_DEVICE_FAMILY = "1,2";
			};
			name = Release;
		};
/* End XCBuildConfiguration section */

/* Begin XCConfigurationList section */
		D54C412D28E343F400C7C0FD /* Build configuration list for PBXProject "PLREQ" */ = {
			isa = XCConfigurationList;
			buildConfigurations = (
				D54C414728E343F500C7C0FD /* Debug */,
				D54C414828E343F500C7C0FD /* Release */,
			);
			defaultConfigurationIsVisible = 0;
			defaultConfigurationName = Release;
		};
		D54C414928E343F500C7C0FD /* Build configuration list for PBXNativeTarget "PLREQ" */ = {
			isa = XCConfigurationList;
			buildConfigurations = (
				D54C414A28E343F500C7C0FD /* Debug */,
				D54C414B28E343F500C7C0FD /* Release */,
			);
			defaultConfigurationIsVisible = 0;
			defaultConfigurationName = Release;
		};
/* End XCConfigurationList section */

/* Begin XCVersionGroup section */
		D54C413E28E343F400C7C0FD /* PLREQ.xcdatamodeld */ = {
			isa = XCVersionGroup;
			children = (
				D54C413F28E343F400C7C0FD /* PLREQ.xcdatamodel */,
			);
			currentVersion = D54C413F28E343F400C7C0FD /* PLREQ.xcdatamodel */;
			name = PLREQ.xcdatamodeld;
			path = ../PLREQ.xcdatamodeld;
			sourceTree = "<group>";
			versionGroupType = wrapper.xcdatamodel;
		};
/* End XCVersionGroup section */
	};
	rootObject = D54C412A28E343F400C7C0FD /* Project object */;
}
